
Microsoft Visual Studio Solution File, Format Version 12.00
# Visual Studio Version 16
VisualStudioVersion = 16.0.31129.286
MinimumVisualStudioVersion = 10.0.40219.1
Project("{FAE04EC0-301F-11D3-BF4B-00C04F79EFBC}") = "ChineseChess.UI", "ChineseChess.UI\ChineseChess.UI.csproj", "{92AB0092-581C-4518-916D-FFC5084282FB}"
EndProject
Project("{FAE04EC0-301F-11D3-BF4B-00C04F79EFBC}") = "ChineseChess.Core", "ChineseChess.Core\ChineseChess.Core.csproj", "{6E2FA057-9341-496B-BD68-EC3E4CE3E18A}"
EndProject
Global
	GlobalSection(SolutionConfigurationPlatforms) = preSolution
		Debug|Any CPU = Debug|Any CPU
		Release|Any CPU = Release|Any CPU
	EndGlobalSection
	GlobalSection(ProjectConfigurationPlatforms) = postSolution
		{92AB0092-581C-4518-916D-FFC5084282FB}.Debug|Any CPU.ActiveCfg = Debug|Any CPU
		{92AB0092-581C-4518-916D-FFC5084282FB}.Debug|Any CPU.Build.0 = Debug|Any CPU
		{92AB0092-581C-4518-916D-FFC5084282FB}.Release|Any CPU.ActiveCfg = Release|Any CPU
		{92AB0092-581C-4518-916D-FFC5084282FB}.Release|Any CPU.Build.0 = Release|Any CPU
		{6E2FA057-9341-496B-BD68-EC3E4CE3E18A}.Debug|Any CPU.ActiveCfg = Debug|Any CPU
		{6E2FA057-9341-496B-BD68-EC3E4CE3E18A}.Debug|Any CPU.Build.0 = Debug|Any CPU
		{6E2FA057-9341-496B-BD68-EC3E4CE3E18A}.Release|Any CPU.ActiveCfg = Release|Any CPU
		{6E2FA057-9341-496B-BD68-EC3E4CE3E18A}.Release|Any CPU.Build.0 = Release|Any CPU
	EndGlobalSection
	GlobalSection(SolutionProperties) = preSolution
		HideSolutionNode = FALSE
	EndGlobalSection
	GlobalSection(ExtensibilityGlobals) = postSolution
		SolutionGuid = {A499202F-4B5A-4F4B-88F4-C153ABC4E049}
	EndGlobalSection
EndGlobal
